
Microsoft Visual Studio Solution File, Format Version 12.00
# Visual Studio Version 16
VisualStudioVersion = 16.0.30621.155
MinimumVisualStudioVersion = 10.0.40219.1
Project("{FAE04EC0-301F-11D3-BF4B-00C04F79EFBC}") = "EssentialI_ITVDN_08", "EssentialI_ITVDN_08.csproj", "{B30EE258-F588-418B-9F4C-5F24C53CC2D6}"
EndProject
Global
	GlobalSection(SolutionConfigurationPlatforms) = preSolution
		Debug|Any CPU = Debug|Any CPU
		Release|Any CPU = Release|Any CPU
	EndGlobalSection
	GlobalSection(ProjectConfigurationPlatforms) = postSolution
		{B30EE258-F588-418B-9F4C-5F24C53CC2D6}.Debug|Any CPU.ActiveCfg = Debug|Any CPU
		{B30EE258-F588-418B-9F4C-5F24C53CC2D6}.Debug|Any CPU.Build.0 = Debug|Any CPU
		{B30EE258-F588-418B-9F4C-5F24C53CC2D6}.Release|Any CPU.ActiveCfg = Release|Any CPU
		{B30EE258-F588-418B-9F4C-5F24C53CC2D6}.Release|Any CPU.Build.0 = Release|Any CPU
	EndGlobalSection
	GlobalSection(SolutionProperties) = preSolution
		HideSolutionNode = FALSE
	EndGlobalSection
	GlobalSection(ExtensibilityGlobals) = postSolution
		SolutionGuid = {23744053-E151-4D05-92E6-24626A04F06E}
	EndGlobalSection
EndGlobal
