
Microsoft Visual Studio Solution File, Format Version 12.00
# Visual Studio Version 16
VisualStudioVersion = 16.0.30621.155
MinimumVisualStudioVersion = 10.0.40219.1
Project("{FAE04EC0-301F-11D3-BF4B-00C04F79EFBC}") = "Ex4CalCulatorMVP", "Ex4CalCulatorMVP.csproj", "{BEB45D60-727F-4572-B68A-EAA29DD857A9}"
EndProject
Global
	GlobalSection(SolutionConfigurationPlatforms) = preSolution
		Debug|Any CPU = Debug|Any CPU
		Release|Any CPU = Release|Any CPU
	EndGlobalSection
	GlobalSection(ProjectConfigurationPlatforms) = postSolution
		{BEB45D60-727F-4572-B68A-EAA29DD857A9}.Debug|Any CPU.ActiveCfg = Debug|Any CPU
		{BEB45D60-727F-4572-B68A-EAA29DD857A9}.Debug|Any CPU.Build.0 = Debug|Any CPU
		{BEB45D60-727F-4572-B68A-EAA29DD857A9}.Release|Any CPU.ActiveCfg = Release|Any CPU
		{BEB45D60-727F-4572-B68A-EAA29DD857A9}.Release|Any CPU.Build.0 = Release|Any CPU
	EndGlobalSection
	GlobalSection(SolutionProperties) = preSolution
		HideSolutionNode = FALSE
	EndGlobalSection
	GlobalSection(ExtensibilityGlobals) = postSolution
		SolutionGuid = {53958B0B-B285-4E14-B69F-89A5D299A444}
	EndGlobalSection
EndGlobal
