
Microsoft Visual Studio Solution File, Format Version 12.00
# Visual Studio Version 16
VisualStudioVersion = 16.0.30621.155
MinimumVisualStudioVersion = 10.0.40219.1
Project("{FAE04EC0-301F-11D3-BF4B-00C04F79EFBC}") = "EssentialI_ITVDN_10", "EssentialI_ITVDN_10.csproj", "{AA6E3817-578A-411D-BB0F-9F4041110E48}"
EndProject
Global
	GlobalSection(SolutionConfigurationPlatforms) = preSolution
		Debug|Any CPU = Debug|Any CPU
		Release|Any CPU = Release|Any CPU
	EndGlobalSection
	GlobalSection(ProjectConfigurationPlatforms) = postSolution
		{AA6E3817-578A-411D-BB0F-9F4041110E48}.Debug|Any CPU.ActiveCfg = Debug|Any CPU
		{AA6E3817-578A-411D-BB0F-9F4041110E48}.Debug|Any CPU.Build.0 = Debug|Any CPU
		{AA6E3817-578A-411D-BB0F-9F4041110E48}.Release|Any CPU.ActiveCfg = Release|Any CPU
		{AA6E3817-578A-411D-BB0F-9F4041110E48}.Release|Any CPU.Build.0 = Release|Any CPU
	EndGlobalSection
	GlobalSection(SolutionProperties) = preSolution
		HideSolutionNode = FALSE
	EndGlobalSection
	GlobalSection(ExtensibilityGlobals) = postSolution
		SolutionGuid = {67A8DD24-A88E-4841-B970-76CBAF9D87B2}
	EndGlobalSection
EndGlobal
