
Microsoft Visual Studio Solution File, Format Version 12.00
# Visual Studio Version 16
VisualStudioVersion = 16.0.30621.155
MinimumVisualStudioVersion = 10.0.40219.1
Project("{FAE04EC0-301F-11D3-BF4B-00C04F79EFBC}") = "Ex3Stopwatch", "Ex3Stopwatch.csproj", "{2A78E847-AC7A-4848-8FEC-3294B592800C}"
EndProject
Global
	GlobalSection(SolutionConfigurationPlatforms) = preSolution
		Debug|Any CPU = Debug|Any CPU
		Release|Any CPU = Release|Any CPU
	EndGlobalSection
	GlobalSection(ProjectConfigurationPlatforms) = postSolution
		{2A78E847-AC7A-4848-8FEC-3294B592800C}.Debug|Any CPU.ActiveCfg = Debug|Any CPU
		{2A78E847-AC7A-4848-8FEC-3294B592800C}.Debug|Any CPU.Build.0 = Debug|Any CPU
		{2A78E847-AC7A-4848-8FEC-3294B592800C}.Release|Any CPU.ActiveCfg = Release|Any CPU
		{2A78E847-AC7A-4848-8FEC-3294B592800C}.Release|Any CPU.Build.0 = Release|Any CPU
	EndGlobalSection
	GlobalSection(SolutionProperties) = preSolution
		HideSolutionNode = FALSE
	EndGlobalSection
	GlobalSection(ExtensibilityGlobals) = postSolution
		SolutionGuid = {64F44D73-E36D-4273-AE9C-F3876851C224}
	EndGlobalSection
EndGlobal
