
Microsoft Visual Studio Solution File, Format Version 12.00
# Visual Studio Version 16
VisualStudioVersion = 16.0.30621.155
MinimumVisualStudioVersion = 10.0.40219.1
Project("{FAE04EC0-301F-11D3-BF4B-00C04F79EFBC}") = "EssentialI_ITVDN_01", "EssentialI_ITVDN_01.csproj", "{8CC0B88A-9301-41A9-A5D6-BE87BA787C7E}"
EndProject
Global
	GlobalSection(SolutionConfigurationPlatforms) = preSolution
		Debug|Any CPU = Debug|Any CPU
		Release|Any CPU = Release|Any CPU
	EndGlobalSection
	GlobalSection(ProjectConfigurationPlatforms) = postSolution
		{8CC0B88A-9301-41A9-A5D6-BE87BA787C7E}.Debug|Any CPU.ActiveCfg = Debug|Any CPU
		{8CC0B88A-9301-41A9-A5D6-BE87BA787C7E}.Debug|Any CPU.Build.0 = Debug|Any CPU
		{8CC0B88A-9301-41A9-A5D6-BE87BA787C7E}.Release|Any CPU.ActiveCfg = Release|Any CPU
		{8CC0B88A-9301-41A9-A5D6-BE87BA787C7E}.Release|Any CPU.Build.0 = Release|Any CPU
	EndGlobalSection
	GlobalSection(SolutionProperties) = preSolution
		HideSolutionNode = FALSE
	EndGlobalSection
	GlobalSection(ExtensibilityGlobals) = postSolution
		SolutionGuid = {096CE0B5-F3B5-4738-8D4C-24630B8F03DC}
	EndGlobalSection
EndGlobal
