
Microsoft Visual Studio Solution File, Format Version 12.00
# Visual Studio Version 16
VisualStudioVersion = 16.0.30621.155
MinimumVisualStudioVersion = 10.0.40219.1
Project("{FAE04EC0-301F-11D3-BF4B-00C04F79EFBC}") = "EssentialI_ITVDN_02", "EssentialI_ITVDN_02.csproj", "{E4C23948-787A-4263-93F1-F599500DFE6E}"
EndProject
Global
	GlobalSection(SolutionConfigurationPlatforms) = preSolution
		Debug|Any CPU = Debug|Any CPU
		Release|Any CPU = Release|Any CPU
	EndGlobalSection
	GlobalSection(ProjectConfigurationPlatforms) = postSolution
		{E4C23948-787A-4263-93F1-F599500DFE6E}.Debug|Any CPU.ActiveCfg = Debug|Any CPU
		{E4C23948-787A-4263-93F1-F599500DFE6E}.Debug|Any CPU.Build.0 = Debug|Any CPU
		{E4C23948-787A-4263-93F1-F599500DFE6E}.Release|Any CPU.ActiveCfg = Release|Any CPU
		{E4C23948-787A-4263-93F1-F599500DFE6E}.Release|Any CPU.Build.0 = Release|Any CPU
	EndGlobalSection
	GlobalSection(SolutionProperties) = preSolution
		HideSolutionNode = FALSE
	EndGlobalSection
	GlobalSection(ExtensibilityGlobals) = postSolution
		SolutionGuid = {877530E4-7228-4BD2-BB22-4AF6041A0E81}
	EndGlobalSection
EndGlobal
