
Microsoft Visual Studio Solution File, Format Version 12.00
# Visual Studio Version 16
VisualStudioVersion = 16.0.30621.155
MinimumVisualStudioVersion = 10.0.40219.1
Project("{FAE04EC0-301F-11D3-BF4B-00C04F79EFBC}") = "EssentialI_ITVDN_16", "EssentialI_ITVDN_16.csproj", "{5E6996DA-5D0B-40EC-BD69-F4667FFCB74A}"
EndProject
Global
	GlobalSection(SolutionConfigurationPlatforms) = preSolution
		Debug|Any CPU = Debug|Any CPU
		Release|Any CPU = Release|Any CPU
	EndGlobalSection
	GlobalSection(ProjectConfigurationPlatforms) = postSolution
		{5E6996DA-5D0B-40EC-BD69-F4667FFCB74A}.Debug|Any CPU.ActiveCfg = Debug|Any CPU
		{5E6996DA-5D0B-40EC-BD69-F4667FFCB74A}.Debug|Any CPU.Build.0 = Debug|Any CPU
		{5E6996DA-5D0B-40EC-BD69-F4667FFCB74A}.Release|Any CPU.ActiveCfg = Release|Any CPU
		{5E6996DA-5D0B-40EC-BD69-F4667FFCB74A}.Release|Any CPU.Build.0 = Release|Any CPU
	EndGlobalSection
	GlobalSection(SolutionProperties) = preSolution
		HideSolutionNode = FALSE
	EndGlobalSection
	GlobalSection(ExtensibilityGlobals) = postSolution
		SolutionGuid = {5DBF97D0-AF95-4EF1-BB3C-B0D17C74BEC4}
	EndGlobalSection
EndGlobal
